
Microsoft Visual Studio Solution File, Format Version 12.00
# Visual Studio Version 17
VisualStudioVersion = 17.0.31903.59
MinimumVisualStudioVersion = 10.0.40219.1
Project("{9A19103F-16F7-4668-BE54-9A1E7A4F7556}") = "AutoFrontend", "AutoFrontend\AutoFrontend.csproj", "{934E1655-EA9B-4CE9-99FD-A4482027B8B3}"
EndProject
Project("{9A19103F-16F7-4668-BE54-9A1E7A4F7556}") = "AutoFrontend.WindowsForms", "AutoFrontend.WindowsForms\AutoFrontend.WindowsForms.csproj", "{F1387777-22C5-43B3-9DC8-25BD25D259F3}"
EndProject
Project("{2150E333-8FDC-42A3-9474-1A3956D46DE8}") = ".global", ".global", "{AF18CBA0-BBA5-4AF1-B24F-3EE453B7C97F}"
	ProjectSection(SolutionItems) = preProject
		.editorconfig = .editorconfig
		Directory.Build.props = Directory.Build.props
	EndProjectSection
EndProject
Project("{2150E333-8FDC-42A3-9474-1A3956D46DE8}") = "Framework", "Framework", "{56D977FE-195D-40C8-BB1E-E8A4F44321FD}"
EndProject
Project("{2150E333-8FDC-42A3-9474-1A3956D46DE8}") = "Applications", "Applications", "{4133860F-FC76-4BBF-9CD5-05A2295B1B4A}"
EndProject
Project("{2150E333-8FDC-42A3-9474-1A3956D46DE8}") = "Themes", "Themes", "{FB7A6218-9056-4587-A4B2-32E9E1907F37}"
EndProject
Project("{9A19103F-16F7-4668-BE54-9A1E7A4F7556}") = "AutoFrontend.Themes.Monitor", "AutoFrontend.Themes.Monitor\AutoFrontend.Themes.Monitor.csproj", "{1587EE51-6F4C-4E45-85C3-C94DBE9C93BB}"
EndProject
Project("{9A19103F-16F7-4668-BE54-9A1E7A4F7556}") = "DemoApp", "DemoApp\DemoApp.csproj", "{5C70096D-7077-4360-B5D7-4D622D597338}"
EndProject
Project("{FAE04EC0-301F-11D3-BF4B-00C04F79EFBC}") = "DemoApp.Monitor", "DemoApp.Monitor\DemoApp.Monitor.csproj", "{BB008D81-B0BD-4E7D-B74B-BBC62EFE411D}"
EndProject
Global
	GlobalSection(SolutionConfigurationPlatforms) = preSolution
		Debug|Any CPU = Debug|Any CPU
		Release|Any CPU = Release|Any CPU
	EndGlobalSection
	GlobalSection(ProjectConfigurationPlatforms) = postSolution
		{934E1655-EA9B-4CE9-99FD-A4482027B8B3}.Debug|Any CPU.ActiveCfg = Debug|Any CPU
		{934E1655-EA9B-4CE9-99FD-A4482027B8B3}.Debug|Any CPU.Build.0 = Debug|Any CPU
		{934E1655-EA9B-4CE9-99FD-A4482027B8B3}.Release|Any CPU.ActiveCfg = Release|Any CPU
		{934E1655-EA9B-4CE9-99FD-A4482027B8B3}.Release|Any CPU.Build.0 = Release|Any CPU
		{F1387777-22C5-43B3-9DC8-25BD25D259F3}.Debug|Any CPU.ActiveCfg = Debug|Any CPU
		{F1387777-22C5-43B3-9DC8-25BD25D259F3}.Debug|Any CPU.Build.0 = Debug|Any CPU
		{F1387777-22C5-43B3-9DC8-25BD25D259F3}.Release|Any CPU.ActiveCfg = Release|Any CPU
		{F1387777-22C5-43B3-9DC8-25BD25D259F3}.Release|Any CPU.Build.0 = Release|Any CPU
		{1587EE51-6F4C-4E45-85C3-C94DBE9C93BB}.Debug|Any CPU.ActiveCfg = Debug|Any CPU
		{1587EE51-6F4C-4E45-85C3-C94DBE9C93BB}.Debug|Any CPU.Build.0 = Debug|Any CPU
		{1587EE51-6F4C-4E45-85C3-C94DBE9C93BB}.Release|Any CPU.ActiveCfg = Release|Any CPU
		{1587EE51-6F4C-4E45-85C3-C94DBE9C93BB}.Release|Any CPU.Build.0 = Release|Any CPU
		{5C70096D-7077-4360-B5D7-4D622D597338}.Debug|Any CPU.ActiveCfg = Debug|Any CPU
		{5C70096D-7077-4360-B5D7-4D622D597338}.Debug|Any CPU.Build.0 = Debug|Any CPU
		{5C70096D-7077-4360-B5D7-4D622D597338}.Release|Any CPU.ActiveCfg = Release|Any CPU
		{5C70096D-7077-4360-B5D7-4D622D597338}.Release|Any CPU.Build.0 = Release|Any CPU
		{BB008D81-B0BD-4E7D-B74B-BBC62EFE411D}.Debug|Any CPU.ActiveCfg = Debug|Any CPU
		{BB008D81-B0BD-4E7D-B74B-BBC62EFE411D}.Debug|Any CPU.Build.0 = Debug|Any CPU
		{BB008D81-B0BD-4E7D-B74B-BBC62EFE411D}.Release|Any CPU.ActiveCfg = Release|Any CPU
		{BB008D81-B0BD-4E7D-B74B-BBC62EFE411D}.Release|Any CPU.Build.0 = Release|Any CPU
	EndGlobalSection
	GlobalSection(SolutionProperties) = preSolution
		HideSolutionNode = FALSE
	EndGlobalSection
	GlobalSection(NestedProjects) = preSolution
		{934E1655-EA9B-4CE9-99FD-A4482027B8B3} = {56D977FE-195D-40C8-BB1E-E8A4F44321FD}
		{F1387777-22C5-43B3-9DC8-25BD25D259F3} = {56D977FE-195D-40C8-BB1E-E8A4F44321FD}
		{1587EE51-6F4C-4E45-85C3-C94DBE9C93BB} = {FB7A6218-9056-4587-A4B2-32E9E1907F37}
		{5C70096D-7077-4360-B5D7-4D622D597338} = {4133860F-FC76-4BBF-9CD5-05A2295B1B4A}
		{BB008D81-B0BD-4E7D-B74B-BBC62EFE411D} = {4133860F-FC76-4BBF-9CD5-05A2295B1B4A}
	EndGlobalSection
	GlobalSection(ExtensibilityGlobals) = postSolution
		SolutionGuid = {0C60227E-5450-4FD5-A72B-F2F424BAE756}
	EndGlobalSection
EndGlobal
