
Microsoft Visual Studio Solution File, Format Version 12.00
# Visual Studio Version 17
VisualStudioVersion = 17.0.31903.59
MinimumVisualStudioVersion = 10.0.40219.1
Project("{9A19103F-16F7-4668-BE54-9A1E7A4F7556}") = "AutoFrontend", "AutoFrontend\AutoFrontend.csproj", "{934E1655-EA9B-4CE9-99FD-A4482027B8B3}"
EndProject
Project("{2150E333-8FDC-42A3-9474-1A3956D46DE8}") = ".global", ".global", "{AF18CBA0-BBA5-4AF1-B24F-3EE453B7C97F}"
	ProjectSection(SolutionItems) = preProject
		.editorconfig = .editorconfig
		Directory.Build.props = Directory.Build.props
	EndProjectSection
EndProject
Project("{2150E333-8FDC-42A3-9474-1A3956D46DE8}") = "Framework", "Framework", "{56D977FE-195D-40C8-BB1E-E8A4F44321FD}"
EndProject
Project("{2150E333-8FDC-42A3-9474-1A3956D46DE8}") = "Playground", "Playground", "{4133860F-FC76-4BBF-9CD5-05A2295B1B4A}"
EndProject
Project("{9A19103F-16F7-4668-BE54-9A1E7A4F7556}") = "Playground", "Playground\Playground.csproj", "{B47B0361-A101-4430-BA71-BBA904CDE9FC}"
EndProject
Project("{9A19103F-16F7-4668-BE54-9A1E7A4F7556}") = "AutoFrontend.WindowsForms", "AutoFrontend.WindowsForms\AutoFrontend.WindowsForms.csproj", "{25692874-5CDA-4FFC-B7AB-AC15B5380B73}"
EndProject
Project("{FAE04EC0-301F-11D3-BF4B-00C04F79EFBC}") = "Playground.WindowsForms", "Playground.WindowsForms\Playground.WindowsForms.csproj", "{E96F2AE8-3381-46E6-8D6D-AA8291D126EE}"
EndProject
Global
	GlobalSection(SolutionConfigurationPlatforms) = preSolution
		Debug|Any CPU = Debug|Any CPU
		Release|Any CPU = Release|Any CPU
	EndGlobalSection
	GlobalSection(ProjectConfigurationPlatforms) = postSolution
		{934E1655-EA9B-4CE9-99FD-A4482027B8B3}.Debug|Any CPU.ActiveCfg = Debug|Any CPU
		{934E1655-EA9B-4CE9-99FD-A4482027B8B3}.Debug|Any CPU.Build.0 = Debug|Any CPU
		{934E1655-EA9B-4CE9-99FD-A4482027B8B3}.Release|Any CPU.ActiveCfg = Release|Any CPU
		{934E1655-EA9B-4CE9-99FD-A4482027B8B3}.Release|Any CPU.Build.0 = Release|Any CPU
		{B47B0361-A101-4430-BA71-BBA904CDE9FC}.Debug|Any CPU.ActiveCfg = Debug|Any CPU
		{B47B0361-A101-4430-BA71-BBA904CDE9FC}.Debug|Any CPU.Build.0 = Debug|Any CPU
		{B47B0361-A101-4430-BA71-BBA904CDE9FC}.Release|Any CPU.ActiveCfg = Release|Any CPU
		{B47B0361-A101-4430-BA71-BBA904CDE9FC}.Release|Any CPU.Build.0 = Release|Any CPU
		{25692874-5CDA-4FFC-B7AB-AC15B5380B73}.Debug|Any CPU.ActiveCfg = Debug|Any CPU
		{25692874-5CDA-4FFC-B7AB-AC15B5380B73}.Debug|Any CPU.Build.0 = Debug|Any CPU
		{25692874-5CDA-4FFC-B7AB-AC15B5380B73}.Release|Any CPU.ActiveCfg = Release|Any CPU
		{25692874-5CDA-4FFC-B7AB-AC15B5380B73}.Release|Any CPU.Build.0 = Release|Any CPU
		{E96F2AE8-3381-46E6-8D6D-AA8291D126EE}.Debug|Any CPU.ActiveCfg = Debug|Any CPU
		{E96F2AE8-3381-46E6-8D6D-AA8291D126EE}.Debug|Any CPU.Build.0 = Debug|Any CPU
		{E96F2AE8-3381-46E6-8D6D-AA8291D126EE}.Release|Any CPU.ActiveCfg = Release|Any CPU
		{E96F2AE8-3381-46E6-8D6D-AA8291D126EE}.Release|Any CPU.Build.0 = Release|Any CPU
	EndGlobalSection
	GlobalSection(SolutionProperties) = preSolution
		HideSolutionNode = FALSE
	EndGlobalSection
	GlobalSection(NestedProjects) = preSolution
		{934E1655-EA9B-4CE9-99FD-A4482027B8B3} = {56D977FE-195D-40C8-BB1E-E8A4F44321FD}
		{B47B0361-A101-4430-BA71-BBA904CDE9FC} = {4133860F-FC76-4BBF-9CD5-05A2295B1B4A}
		{25692874-5CDA-4FFC-B7AB-AC15B5380B73} = {56D977FE-195D-40C8-BB1E-E8A4F44321FD}
		{E96F2AE8-3381-46E6-8D6D-AA8291D126EE} = {4133860F-FC76-4BBF-9CD5-05A2295B1B4A}
	EndGlobalSection
	GlobalSection(ExtensibilityGlobals) = postSolution
		SolutionGuid = {0C60227E-5450-4FD5-A72B-F2F424BAE756}
	EndGlobalSection
EndGlobal
